github.com/Sirupsen/logrus v0.11.5-0.20170308203635-1deb2db2a6ff h1:ILzm0evcADCm90tm0+YKGO4AgSNf/5c/UcYq7KEDaJA=
github.com/Sirupsen/logrus v0.11.5-0.20170308203635-1deb2db2a6ff/go.mod h1:rmk17hk6i8ZSAJkSDa7nOxamrG+SP4P0mm+DAvExv4U=
github.com/VividCortex/godaemon v0.0.0-20131002161106-2fdf3f9fa715 h1:0yPC4AyN7nFlSPjS1gKFFlOQRrhfbKlCEyVWK9CDY1E=
github.com/VividCortex/godaemon v0.0.0-20131002161106-2fdf3f9fa715/go.mod h1:Y8CJ3IwPIAkMhv/rRUWIlczaeqd9ty9yrl+nc2AbaL4=
github.com/davecgh/go-spew v1.1.0 h1:ZDRjVQ15GmhC3fiQ8ni8+OwkZQO4DARzQgrnXU1Liz8=
github.com/davecgh/go-spew v1.1.0/go.mod h1:J7Y8YcW2NihsgmVo/mv3lAwl/skON4iLHjSsI+c5H38=
github.com/docker/docker v1.4.2-0.20161226081950-989e791a42e9/go.mod h1:eEKB0N0r5NX/I1kEveEz05bcu8tLC/8azJZsviup8Sk=
github.com/docker/docker v1.4.2-0.20170310143453-400d154737cd h1:J+B3/IjYNxu3sFM6774f6AzykC04dVCKtKf2+BMMfDw=
github.com/docker/docker v1.4.2-0.20170310143453-400d154737cd/go.mod h1:eEKB0N0r5NX/I1kEveEz05bcu8tLC/8azJZsviup8Sk=
github.com/fsnotify/fsnotify v1.4.3-0.20161026203122-fd9ec7deca8b h1:bZQ3Z4jYxLufSFf7zo/cLJ/1WahBEMPCFsgcOjzAAzA=
github.com/fsnotify/fsnotify v1.4.3-0.20161026203122-fd9ec7deca8b/go.mod h1:jwhsz4b93w/PPRr/qN1Yymfu8t87LnFCMoQvtojpjFo=
github.com/gravitational/go-tail v0.0.0-20200827192353-b7402586e2ec h1:gz98P2BWzYyauQXPrmbRqPzhZCmfq3lBgPLalaXD7dQ=
github.com/gravitational/go-tail v0.0.0-20200827192353-b7402586e2ec/go.mod h1:HFJVq/D8RDp+b9O3QoO9wZaoEjcnlpniBp5TEarRlKM=
github.com/hashicorp/hcl v0.0.0-20160902165219-99df0eb941dd h1:84QdurP28/GTPuAXatiouvNyhN9dflZY9KtMbatmupI=
github.com/hashicorp/hcl v0.0.0-20160902165219-99df0eb941dd/go.mod h1:oZtUIOe8dh44I2q6ScRibXws4Ajl+d+nod3AaR9vL5w=
github.com/howbazaar/loggo v0.0.0-20131030201820-384be4108823 h1:RHchVj0Y4ojcJuXS6laqCtJtYq1HtFaRNyIGrPW3H3s=
github.com/howbazaar/loggo v0.0.0-20131030201820-384be4108823/go.mod h1:qirP12TGqAYntqwePTIuFWWd1fHAeL8uMTel5GXqYDo=
github.com/kr/fs v0.0.0-20131111012553-2788f0dbd169 h1:YUrU1/jxRqnt0PSrKj1Uj/wEjk/fjnE80QFfi2Zlj7Q=
github.com/kr/fs v0.0.0-20131111012553-2788f0dbd169/go.mod h1:glhvuHOU9Hy7/8PwwdtnarXqLagOX0b/TbZx2zLMqEg=
github.com/magiconair/properties v1.7.1-0.20160908093658-0723e352fa35 h1:WtkHGe1cgg+lvDj9p5CvjXrfopsIss0vIAz+/zeYZyQ=
github.com/magiconair/properties v1.7.1-0.20160908093658-0723e352fa35/go.mod h1:PppfXfuXeibc/6YijjN8zIbojt8czPbwD3XqdrwzmxQ=
github.com/mitchellh/mapstructure v0.0.0-20160808181253-ca63d7c062ee h1:kK7VuFVykgt0LfMSloWYjDOt4TnOcL0AxF0/rDq2VkM=
github.com/mitchellh/mapstructure v0.0.0-20160808181253-ca63d7c062ee/go.mod h1:FVVH3fgwuzCH5S8UJGiWEs2h04kUh9fWfEaFds41c1Y=
github.com/nightlyone/lockfile v0.0.0-20160306143149-b30dcbfa86e3 h1:0n5k3UgMD17uNYeNw3njqRyfeCFemdDXbqkZzLTlNlw=
github.com/nightlyone/lockfile v0.0.0-20160306143149-b30dcbfa86e3/go.mod h1:JbxfV1Iifij2yhRjXai0oFrbpxszXHRx1E5RuM26o4Y=
github.com/pelletier/go-buffruneio v0.1.0 h1:ig6N9Cg71k/P+UUbhwdOFtJWz+qa8/3by7AzMprMWBM=
github.com/pelletier/go-buffruneio v0.1.0/go.mod h1:JkE26KsDizTr40EUHkXVtNPvgGtbSNq5BcowyYOWdKo=
github.com/pelletier/go-toml v0.3.6-0.20160906202557-31055c2ff0bb h1:itpNy1S158xYBrFLYeyGyGjlds546+4bSNENlR5kcU4=
github.com/pelletier/go-toml v0.3.6-0.20160906202557-31055c2ff0bb/go.mod h1:5z9KED0ma1S8pY6P1sdut58dfprrGBbd/94hg7ilaic=
github.com/pkg/errors v0.7.1 h1:0XSZhzhcAUrs2vsv1y5jaxWejlCCgvxI/kBpbRFMZ+o=
github.com/pkg/errors v0.7.1/go.mod h1:bwawxfHBFNV+L2hUp1rHADufV3IMtnDRdf1r5NINEl0=
github.com/pkg/sftp v0.0.0-20160908100035-8197a2e58073 h1:9PqYQCzKEbilrPJl3LDO16HdbA25Yqc3I25aUfgFaCs=
github.com/pkg/sftp v0.0.0-20160908100035-8197a2e58073/go.mod h1:NxmoDg/QLVWluQDUYG7XBZTLUpKeFa8e3aMf1BfjyHk=
github.com/pmezard/go-difflib v1.0.0 h1:4DBwDE0NGyQoBHbLQYPwSUPoCMWR5BEzIk/f1lZbAQM=
github.com/pmezard/go-difflib v1.0.0/go.mod h1:iKH77koFhYxTK1pcRnkKkqfTogsbg7gZNVY4sRDYZ/4=
github.com/spf13/afero v0.0.0-20160821083612-20500e2abd0d h1:sd1qRX4NJPdIHizg+E7cK0kFaJRjwfJFQyUJUguwIak=
github.com/spf13/afero v0.0.0-20160821083612-20500e2abd0d/go.mod h1:j4pytiNVoe2o6bmDsKpLACNPDBIoEAkihy7loJ1B0CQ=
github.com/spf13/cast v0.0.0-20160730092037-e31f36ffc91a h1:tPI5RnYZJhcXj0LhJ9pi7PS7gqOhuFR+4HEKyDz3BnQ=
github.com/spf13/cast v0.0.0-20160730092037-e31f36ffc91a/go.mod h1:r2rcYCSwa1IExKTDiTfzaxqT2FNHs8hODu4LnUfgKEg=
github.com/spf13/jwalterweatherman v0.0.0-20160311093646-33c24e77fb80 h1:evyGXhHMrxKBDkdlSPv9HMWV2o53o+Ibhm28BGc0450=
github.com/spf13/jwalterweatherman v0.0.0-20160311093646-33c24e77fb80/go.mod h1:cQK4TGJAtQXfYWX+Ddv3mKDzgVb68N+wFjFa4jdeBTo=
github.com/spf13/pflag v0.0.0-20160906134334-6fd2ff4ff8df h1:i6BcnijncbnhvDqNliGST7mq6VUAw/npzYAnDWaAB+M=
github.com/spf13/pflag v0.0.0-20160906134334-6fd2ff4ff8df/go.mod h1:DYY7MBk1bdzusC3SYhjObp+wFpr4gzcvqqNjLnInEg4=
github.com/spf13/viper v0.0.0-20160830143246-16990631d4aa h1:+yZESdfzohzq0Jtw+Cqbc8DzjoodNv3CB+BOww04drs=
github.com/spf13/viper v0.0.0-20160830143246-16990631d4aa/go.mod h1:A8kyI5cUJhb8N+3pkfONlcEcZbueH6nhAm0Fq7SrnBM=
github.com/stretchr/objx v0.1.0/go.mod h1:HFkY916IF+rwdDfMAkV7OtwuqBVzrE8GR6GFx+wExME=
github.com/stretchr/testify v1.6.1 h1:hDPOHmpOpP40lSULcqw7IrRb/u7w6RpDC9399XyoNd0=
github.com/stretchr/testify v1.6.1/go.mod h1:6Fq8oRcR53rry900zMqJjRRixrwX3KX962/h/Wwjteg=
golang.org/x/crypto v0.0.0-20160909120217-05d11b2ca141 h1:7qMu/IWpY+cfuLMEenVOnMwny1+DNavuX7qeKfImV0c=
golang.org/x/crypto v0.0.0-20160909120217-05d11b2ca141/go.mod h1:6SG95UA2DQfeDnfUPMdvaQW0Q7yPrPDi9nlGo2tz2b4=
golang.org/x/sys v0.0.0-20161023150541-c200b10b5d5e h1:uau++4dmjGy3TuvPvRbhZHY+TQVsImIxtWY5HRh9eho=
golang.org/x/sys v0.0.0-20161023150541-c200b10b5d5e/go.mod h1:STP8DvDyc/dI5b8T5hshtkjS+E42TnysNCUPdjciGhY=
golang.org/x/text v0.0.0-20160908145610-1e65e9bf72c3 h1:zvaOCkN7IYkuMpwoiyZaMcIT+kVKgA6KGUdl0quo6QQ=
golang.org/x/text v0.0.0-20160908145610-1e65e9bf72c3/go.mod h1:NqM8EUOU14njkJ3fqMW+pc6Ldnwhi/IjpwHt7yyuwOQ=
gopkg.in/check.v1 v0.0.0-20161208181325-20d25e280405 h1:yhCVgyC4o1eVCa2tZl7eS0r+SDo693bJlVdllGtEeKM=
gopkg.in/check.v1 v0.0.0-20161208181325-20d25e280405/go.mod h1:Co6ibVJAznAaIkqp8huTwlJQCZ016jof/cbN4VW5Yz0=
gopkg.in/yaml.v2 v2.0.0-20160715033755-e4d366fc3c79 h1:mENkfeXGmLV7lIyBeNdwYWdONek7pH9yHaHMgZyvIWE=
gopkg.in/yaml.v2 v2.0.0-20160715033755-e4d366fc3c79/go.mod h1:JAlM8MvJe8wmxCU4Bli9HhUf9+ttbYbLASfIpnQbh74=
gopkg.in/yaml.v3 v3.0.0-20200313102051-9f266ea9e77c h1:dUUwHk2QECo/6vqA44rthZ8ie2QXMNeKRTHCNY2nXvo=
gopkg.in/yaml.v3 v3.0.0-20200313102051-9f266ea9e77c/go.mod h1:K4uyk7z7BCEPqu6E+C64Yfv1cQ7kz7rIZviUmN+EgEM=
launchpad.net/gocheck v0.0.0-20140225173054-000000000087 h1:Izowp2XBH6Ya6rv+hqbceQyw/gSGoXfH/UPoTGduL54=
launchpad.net/gocheck v0.0.0-20140225173054-000000000087/go.mod h1:hj7XX3B/0A+80Vse0e+BUHsHMTEhd0O4cpUHr/e/BUM=
